# THIS IS AN AUTOGENERATED FILE. DO NOT EDIT THIS FILE DIRECTLY.
# yarn lockfile v1


"@types/jquery@^2.0.41":
  version "2.0.41"
  resolved "https://registry.yarnpkg.com/@types/jquery/-/jquery-2.0.41.tgz#b87ba051011f99edbe586d8f97282e7786e01a6d"

typescript@^2.2.2:
  version "2.2.2"
  resolved "https://registry.yarnpkg.com/typescript/-/typescript-2.2.2.tgz#606022508479b55ffa368b58fee963a03dfd7b0c"
